
Microsoft Visual Studio Solution File, Format Version 12.00
# Visual Studio Version 16
VisualStudioVersion = 16.0.31005.135
MinimumVisualStudioVersion = 10.0.40219.1
Project("{9A19103F-16F7-4668-BE54-9A1E7A4F7556}") = "IndexatorTrain", "IndexatorTrain\IndexatorTrain.csproj", "{9A8BA2A5-921E-4F7A-B4F5-2B6E04A55618}"
EndProject
Project("{9A19103F-16F7-4668-BE54-9A1E7A4F7556}") = "Exeption", "Exeption\Exeption.csproj", "{FFDDD42F-6661-4B28-864D-6ACF0E0D8867}"
EndProject
Project("{9A19103F-16F7-4668-BE54-9A1E7A4F7556}") = "Indexator", "Indexator\Indexator.csproj", "{107BB73B-A8DC-409F-B8D2-C27BC4783C77}"
EndProject
Project("{9A19103F-16F7-4668-BE54-9A1E7A4F7556}") = "NumberGeneric", "NumberGeneric\NumberGeneric.csproj", "{3F286854-6AB9-4E53-A8E1-601489EAC91E}"
EndProject
Project("{9A19103F-16F7-4668-BE54-9A1E7A4F7556}") = "NumberInterface", "NumberInterface\NumberInterface.csproj", "{8CBE77EE-CB4F-4555-89BB-B45E78D87175}"
EndProject
Project("{9A19103F-16F7-4668-BE54-9A1E7A4F7556}") = "Delegate", "Delegate\Delegate.csproj", "{5D99D0F3-E543-48B2-80AB-C56E5A54F788}"
EndProject
Project("{9A19103F-16F7-4668-BE54-9A1E7A4F7556}") = "AnonimusMethod", "AnonimusMethod\AnonimusMethod.csproj", "{8C0BF3F5-8D57-488C-88D0-BAB739F1E2BC}"
EndProject
Project("{9A19103F-16F7-4668-BE54-9A1E7A4F7556}") = "ListEcxel", "ListEcxel\ListEcxel.csproj", "{75349DF7-78B8-471F-8EF1-1F0F6EDE5CE9}"
EndProject
Project("{FAE04EC0-301F-11D3-BF4B-00C04F79EFBC}") = "MyList", "MyList\MyList.csproj", "{32FD76C0-9119-498A-B3C9-96D1C9550639}"
EndProject
Global
	GlobalSection(SolutionConfigurationPlatforms) = preSolution
		Debug|Any CPU = Debug|Any CPU
		Release|Any CPU = Release|Any CPU
	EndGlobalSection
	GlobalSection(ProjectConfigurationPlatforms) = postSolution
		{9A8BA2A5-921E-4F7A-B4F5-2B6E04A55618}.Debug|Any CPU.ActiveCfg = Debug|Any CPU
		{9A8BA2A5-921E-4F7A-B4F5-2B6E04A55618}.Debug|Any CPU.Build.0 = Debug|Any CPU
		{9A8BA2A5-921E-4F7A-B4F5-2B6E04A55618}.Release|Any CPU.ActiveCfg = Release|Any CPU
		{9A8BA2A5-921E-4F7A-B4F5-2B6E04A55618}.Release|Any CPU.Build.0 = Release|Any CPU
		{FFDDD42F-6661-4B28-864D-6ACF0E0D8867}.Debug|Any CPU.ActiveCfg = Debug|Any CPU
		{FFDDD42F-6661-4B28-864D-6ACF0E0D8867}.Debug|Any CPU.Build.0 = Debug|Any CPU
		{FFDDD42F-6661-4B28-864D-6ACF0E0D8867}.Release|Any CPU.ActiveCfg = Release|Any CPU
		{FFDDD42F-6661-4B28-864D-6ACF0E0D8867}.Release|Any CPU.Build.0 = Release|Any CPU
		{107BB73B-A8DC-409F-B8D2-C27BC4783C77}.Debug|Any CPU.ActiveCfg = Debug|Any CPU
		{107BB73B-A8DC-409F-B8D2-C27BC4783C77}.Debug|Any CPU.Build.0 = Debug|Any CPU
		{107BB73B-A8DC-409F-B8D2-C27BC4783C77}.Release|Any CPU.ActiveCfg = Release|Any CPU
		{107BB73B-A8DC-409F-B8D2-C27BC4783C77}.Release|Any CPU.Build.0 = Release|Any CPU
		{3F286854-6AB9-4E53-A8E1-601489EAC91E}.Debug|Any CPU.ActiveCfg = Debug|Any CPU
		{3F286854-6AB9-4E53-A8E1-601489EAC91E}.Debug|Any CPU.Build.0 = Debug|Any CPU
		{3F286854-6AB9-4E53-A8E1-601489EAC91E}.Release|Any CPU.ActiveCfg = Release|Any CPU
		{3F286854-6AB9-4E53-A8E1-601489EAC91E}.Release|Any CPU.Build.0 = Release|Any CPU
		{8CBE77EE-CB4F-4555-89BB-B45E78D87175}.Debug|Any CPU.ActiveCfg = Debug|Any CPU
		{8CBE77EE-CB4F-4555-89BB-B45E78D87175}.Debug|Any CPU.Build.0 = Debug|Any CPU
		{8CBE77EE-CB4F-4555-89BB-B45E78D87175}.Release|Any CPU.ActiveCfg = Release|Any CPU
		{8CBE77EE-CB4F-4555-89BB-B45E78D87175}.Release|Any CPU.Build.0 = Release|Any CPU
		{5D99D0F3-E543-48B2-80AB-C56E5A54F788}.Debug|Any CPU.ActiveCfg = Debug|Any CPU
		{5D99D0F3-E543-48B2-80AB-C56E5A54F788}.Debug|Any CPU.Build.0 = Debug|Any CPU
		{5D99D0F3-E543-48B2-80AB-C56E5A54F788}.Release|Any CPU.ActiveCfg = Release|Any CPU
		{5D99D0F3-E543-48B2-80AB-C56E5A54F788}.Release|Any CPU.Build.0 = Release|Any CPU
		{8C0BF3F5-8D57-488C-88D0-BAB739F1E2BC}.Debug|Any CPU.ActiveCfg = Debug|Any CPU
		{8C0BF3F5-8D57-488C-88D0-BAB739F1E2BC}.Debug|Any CPU.Build.0 = Debug|Any CPU
		{8C0BF3F5-8D57-488C-88D0-BAB739F1E2BC}.Release|Any CPU.ActiveCfg = Release|Any CPU
		{8C0BF3F5-8D57-488C-88D0-BAB739F1E2BC}.Release|Any CPU.Build.0 = Release|Any CPU
		{75349DF7-78B8-471F-8EF1-1F0F6EDE5CE9}.Debug|Any CPU.ActiveCfg = Debug|Any CPU
		{75349DF7-78B8-471F-8EF1-1F0F6EDE5CE9}.Debug|Any CPU.Build.0 = Debug|Any CPU
		{75349DF7-78B8-471F-8EF1-1F0F6EDE5CE9}.Release|Any CPU.ActiveCfg = Release|Any CPU
		{75349DF7-78B8-471F-8EF1-1F0F6EDE5CE9}.Release|Any CPU.Build.0 = Release|Any CPU
		{32FD76C0-9119-498A-B3C9-96D1C9550639}.Debug|Any CPU.ActiveCfg = Debug|Any CPU
		{32FD76C0-9119-498A-B3C9-96D1C9550639}.Debug|Any CPU.Build.0 = Debug|Any CPU
		{32FD76C0-9119-498A-B3C9-96D1C9550639}.Release|Any CPU.ActiveCfg = Release|Any CPU
		{32FD76C0-9119-498A-B3C9-96D1C9550639}.Release|Any CPU.Build.0 = Release|Any CPU
	EndGlobalSection
	GlobalSection(SolutionProperties) = preSolution
		HideSolutionNode = FALSE
	EndGlobalSection
	GlobalSection(ExtensibilityGlobals) = postSolution
		SolutionGuid = {EF865C67-E52C-4D5C-B631-8958ACF58ABD}
	EndGlobalSection
EndGlobal
